hash: 7450b93439a7382c53ceb4fccfa4346c191290ae6ac7da03e75e2b562ef54099
updated: 2018-06-15T16:29:15.005748+01:00
imports:
- name: github.com/fatih/color
  version: 5b77d2a35fb0ede96d138fc9a99f5c9b6aef11b4
- name: github.com/pkg/errors
  version: 645ef00459ed84a119197bfb8d8205042c6df63d
testImports: []
